// !$*UTF8*$!
{
	archiveVersion = 1;
	classes = {
	};
	objectVersion = 46;
	objects = {

/* Begin PBXBuildFile section */
		6EF467301D30A6DE00334C4B /* AppDelegate.swift in Sources */ = {isa = PBXBuildFile; fileRef = 6EF4672F1D30A6DE00334C4B /* AppDelegate.swift */; };
		6EF467321D30A6DE00334C4B /* ViewController.swift in Sources */ = {isa = PBXBuildFile; fileRef = 6EF467311D30A6DE00334C4B /* ViewController.swift */; };
		6EF467351D30A6DE00334C4B /* Main.storyboard in Resources */ = {isa = PBXBuildFile; fileRef = 6EF467331D30A6DE00334C4B /* Main.storyboard */; };
		6EF467371D30A6DE00334C4B /* Assets.xcassets in Resources */ = {isa = PBXBuildFile; fileRef = 6EF467361D30A6DE00334C4B /* Assets.xcassets */; };
		6EF4673A1D30A6DE00334C4B /* LaunchScreen.storyboard in Resources */ = {isa = PBXBuildFile; fileRef = 6EF467381D30A6DE00334C4B /* LaunchScreen.storyboard */; };
		6EF467451D30A6DE00334C4B /* UIKitFunTests.swift in Sources */ = {isa = PBXBuildFile; fileRef = 6EF467441D30A6DE00334C4B /* UIKitFunTests.swift */; };
		6EF467501D30A6DE00334C4B /* UIKitFunUITests.swift in Sources */ = {isa = PBXBuildFile; fileRef = 6EF4674F1D30A6DE00334C4B /* UIKitFunUITests.swift */; };
/* End PBXBuildFile section */

/* Begin PBXContainerItemProxy section */
		6EF467411D30A6DE00334C4B /* PBXContainerItemProxy */ = {
			isa = PBXContainerItemProxy;
			containerPortal = 6EF467241D30A6DE00334C4B /* Project object */;
			proxyType = 1;
			remoteGlobalIDString = 6EF4672B1D30A6DE00334C4B;
			remoteInfo = UIKitFun;
		};
		6EF4674C1D30A6DE00334C4B /* PBXContainerItemProxy */ = {
			isa = PBXContainerItemProxy;
			containerPortal = 6EF467241D30A6DE00334C4B /* Project object */;
			proxyType = 1;
			remoteGlobalIDString = 6EF4672B1D30A6DE00334C4B;
			remoteInfo = UIKitFun;
		};
/* End PBXContainerItemProxy section */

/* Begin PBXFileReference section */
		6EF4672C1D30A6DE00334C4B /* UIKitFun.app */ = {isa = PBXFileReference; explicitFileType = wrapper.application; includeInIndex = 0; path = UIKitFun.app; sourceTree = BUILT_PRODUCTS_DIR; };
		6EF4672F1D30A6DE00334C4B /* AppDelegate.swift */ = {isa = PBXFileReference; lastKnownFileType = sourcecode.swift; path = AppDelegate.swift; sourceTree = "<group>"; };
		6EF467311D30A6DE00334C4B /* ViewController.swift */ = {isa = PBXFileReference; lastKnownFileType = sourcecode.swift; path = ViewController.swift; sourceTree = "<group>"; };
		6EF467341D30A6DE00334C4B /* Base */ = {isa = PBXFileReference; lastKnownFileType = file.storyboard; name = Base; path = Base.lproj/Main.storyboard; sourceTree = "<group>"; };
		6EF467361D30A6DE00334C4B /* Assets.xcassets */ = {isa = PBXFileReference; lastKnownFileType = folder.assetcatalog; path = Assets.xcassets; sourceTree = "<group>"; };
		6EF467391D30A6DE00334C4B /* Base */ = {isa = PBXFileReference; lastKnownFileType = file.storyboard; name = Base; path = Base.lproj/LaunchScreen.storyboard; sourceTree = "<group>"; };
		6EF4673B1D30A6DE00334C4B /* Info.plist */ = {isa = PBXFileReference; lastKnownFileType = text.plist.xml; path = Info.plist; sourceTree = "<group>"; };
		6EF467401D30A6DE00334C4B /* UIKitFunTests.xctest */ = {isa = PBXFileReference; explicitFileType = wrapper.cfbundle; includeInIndex = 0; path = UIKitFunTests.xctest; sourceTree = BUILT_PRODUCTS_DIR; };
		6EF467441D30A6DE00334C4B /* UIKitFunTests.swift */ = {isa = PBXFileReference; lastKnownFileType = sourcecode.swift; path = UIKitFunTests.swift; sourceTree = "<group>"; };
		6EF467461D30A6DE00334C4B /* Info.plist */ = {isa = PBXFileReference; lastKnownFileType = text.plist.xml; path = Info.plist; sourceTree = "<group>"; };
		6EF4674B1D30A6DE00334C4B /* UIKitFunUITests.xctest */ = {isa = PBXFileReference; explicitFileType = wrapper.cfbundle; includeInIndex = 0; path = UIKitFunUITests.xctest; sourceTree = BUILT_PRODUCTS_DIR; };
		6EF4674F1D30A6DE00334C4B /* UIKitFunUITests.swift */ = {isa = PBXFileReference; lastKnownFileType = sourcecode.swift; path = UIKitFunUITests.swift; sourceTree = "<group>"; };
		6EF467511D30A6DE00334C4B /* Info.plist */ = {isa = PBXFileReference; lastKnownFileType = text.plist.xml; path = Info.plist; sourceTree = "<group>"; };
/* End PBXFileReference section */

/* Begin PBXFrameworksBuildPhase section */
		6EF467291D30A6DE00334C4B /* Frameworks */ = {
			isa = PBXFrameworksBuildPhase;
			buildActionMask = 2147483647;
			files = (
			);
			runOnlyForDeploymentPostprocessing = 0;
		};
		6EF4673D1D30A6DE00334C4B /* Frameworks */ = {
			isa = PBXFrameworksBuildPhase;
			buildActionMask = 2147483647;
			files = (
			);
			runOnlyForDeploymentPostprocessing = 0;
		};
		6EF467481D30A6DE00334C4B /* Frameworks */ = {
			isa = PBXFrameworksBuildPhase;
			buildActionMask = 2147483647;
			files = (
			);
			runOnlyForDeploymentPostprocessing = 0;
		};
/* End PBXFrameworksBuildPhase section */

/* Begin PBXGroup section */
		6EF467231D30A6DE00334C4B = {
			isa = PBXGroup;
			children = (
				6EF4672E1D30A6DE00334C4B /* UIKitFun */,
				6EF467431D30A6DE00334C4B /* UIKitFunTests */,
				6EF4674E1D30A6DE00334C4B /* UIKitFunUITests */,
				6EF4672D1D30A6DE00334C4B /* Products */,
			);
			sourceTree = "<group>";
		};
		6EF4672D1D30A6DE00334C4B /* Products */ = {
			isa = PBXGroup;
			children = (
				6EF4672C1D30A6DE00334C4B /* UIKitFun.app */,
				6EF467401D30A6DE00334C4B /* UIKitFunTests.xctest */,
				6EF4674B1D30A6DE00334C4B /* UIKitFunUITests.xctest */,
			);
			name = Products;
			sourceTree = "<group>";
		};
		6EF4672E1D30A6DE00334C4B /* UIKitFun */ = {
			isa = PBXGroup;
			children = (
				6EF4672F1D30A6DE00334C4B /* AppDelegate.swift */,
				6EF467311D30A6DE00334C4B /* ViewController.swift */,
				6EF467331D30A6DE00334C4B /* Main.storyboard */,
				6EF467361D30A6DE00334C4B /* Assets.xcassets */,
				6EF467381D30A6DE00334C4B /* LaunchScreen.storyboard */,
				6EF4673B1D30A6DE00334C4B /* Info.plist */,
			);
			path = UIKitFun;
			sourceTree = "<group>";
		};
		6EF467431D30A6DE00334C4B /* UIKitFunTests */ = {
			isa = PBXGroup;
			children = (
				6EF467441D30A6DE00334C4B /* UIKitFunTests.swift */,
				6EF467461D30A6DE00334C4B /* Info.plist */,
			);
			path = UIKitFunTests;
			sourceTree = "<group>";
		};
		6EF4674E1D30A6DE00334C4B /* UIKitFunUITests */ = {
			isa = PBXGroup;
			children = (
				6EF4674F1D30A6DE00334C4B /* UIKitFunUITests.swift */,
				6EF467511D30A6DE00334C4B /* Info.plist */,
			);
			path = UIKitFunUITests;
			sourceTree = "<group>";
		};
/* End PBXGroup section */

/* Begin PBXNativeTarget section */
		6EF4672B1D30A6DE00334C4B /* UIKitFun */ = {
			isa = PBXNativeTarget;
			buildConfigurationList = 6EF467541D30A6DE00334C4B /* Build configuration list for PBXNativeTarget "UIKitFun" */;
			buildPhases = (
				6EF467281D30A6DE00334C4B /* Sources */,
				6EF467291D30A6DE00334C4B /* Frameworks */,
				6EF4672A1D30A6DE00334C4B /* Resources */,
			);
			buildRules = (
			);
			dependencies = (
			);
			name = UIKitFun;
			productName = UIKitFun;
			productReference = 6EF4672C1D30A6DE00334C4B /* UIKitFun.app */;
			productType = "com.apple.product-type.application";
		};
		6EF4673F1D30A6DE00334C4B /* UIKitFunTests */ = {
			isa = PBXNativeTarget;
			buildConfigurationList = 6EF467571D30A6DE00334C4B /* Build configuration list for PBXNativeTarget "UIKitFunTests" */;
			buildPhases = (
				6EF4673C1D30A6DE00334C4B /* Sources */,
				6EF4673D1D30A6DE00334C4B /* Frameworks */,
				6EF4673E1D30A6DE00334C4B /* Resources */,
			);
			buildRules = (
			);
			dependencies = (
				6EF467421D30A6DE00334C4B /* PBXTargetDependency */,
			);
			name = UIKitFunTests;
			productName = UIKitFunTests;
			productReference = 6EF467401D30A6DE00334C4B /* UIKitFunTests.xctest */;
			productType = "com.apple.product-type.bundle.unit-test";
		};
		6EF4674A1D30A6DE00334C4B /* UIKitFunUITests */ = {
			isa = PBXNativeTarget;
			buildConfigurationList = 6EF4675A1D30A6DE00334C4B /* Build configuration list for PBXNativeTarget "UIKitFunUITests" */;
			buildPhases = (
				6EF467471D30A6DE00334C4B /* Sources */,
				6EF467481D30A6DE00334C4B /* Frameworks */,
				6EF467491D30A6DE00334C4B /* Resources */,
			);
			buildRules = (
			);
			dependencies = (
				6EF4674D1D30A6DE00334C4B /* PBXTargetDependency */,
			);
			name = UIKitFunUITests;
			productName = UIKitFunUITests;
			productReference = 6EF4674B1D30A6DE00334C4B /* UIKitFunUITests.xctest */;
			productType = "com.apple.product-type.bundle.ui-testing";
		};
/* End PBXNativeTarget section */

/* Begin PBXProject section */
		6EF467241D30A6DE00334C4B /* Project object */ = {
			isa = PBXProject;
			attributes = {
				LastSwiftUpdateCheck = 0730;
				LastUpgradeCheck = 0730;
				ORGANIZATIONNAME = "Flatiron School";
				TargetAttributes = {
					6EF4672B1D30A6DE00334C4B = {
						CreatedOnToolsVersion = 7.3.1;
					};
					6EF4673F1D30A6DE00334C4B = {
						CreatedOnToolsVersion = 7.3.1;
						TestTargetID = 6EF4672B1D30A6DE00334C4B;
					};
					6EF4674A1D30A6DE00334C4B = {
						CreatedOnToolsVersion = 7.3.1;
						TestTargetID = 6EF4672B1D30A6DE00334C4B;
					};
				};
			};
			buildConfigurationList = 6EF467271D30A6DE00334C4B /* Build configuration list for PBXProject "UIKitFun" */;
			compatibilityVersion = "Xcode 3.2";
			developmentRegion = English;
			hasScannedForEncodings = 0;
			knownRegions = (
				en,
				Base,
			);
			mainGroup = 6EF467231D30A6DE00334C4B;
			productRefGroup = 6EF4672D1D30A6DE00334C4B /* Products */;
			projectDirPath = "";
			projectRoot = "";
			targets = (
				6EF4672B1D30A6DE00334C4B /* UIKitFun */,
				6EF4673F1D30A6DE00334C4B /* UIKitFunTests */,
				6EF4674A1D30A6DE00334C4B /* UIKitFunUITests */,
			);
		};
/* End PBXProject section */

/* Begin PBXResourcesBuildPhase section */
		6EF4672A1D30A6DE00334C4B /* Resources */ = {
			isa = PBXResourcesBuildPhase;
			buildActionMask = 2147483647;
			files = (
				6EF4673A1D30A6DE00334C4B /* LaunchScreen.storyboard in Resources */,
				6EF467371D30A6DE00334C4B /* Assets.xcassets in Resources */,
				6EF467351D30A6DE00334C4B /* Main.storyboard in Resources */,
			);
			runOnlyForDeploymentPostprocessing = 0;
		};
		6EF4673E1D30A6DE00334C4B /* Resources */ = {
			isa = PBXResourcesBuildPhase;
			buildActionMask = 2147483647;
			files = (
			);
			runOnlyForDeploymentPostprocessing = 0;
		};
		6EF467491D30A6DE00334C4B /* Resources */ = {
			isa = PBXResourcesBuildPhase;
			buildActionMask = 2147483647;
			files = (
			);
			runOnlyForDeploymentPostprocessing = 0;
		};
/* End PBXResourcesBuildPhase section */

/* Begin PBXSourcesBuildPhase section */
		6EF467281D30A6DE00334C4B /* Sources */ = {
			isa = PBXSourcesBuildPhase;
			buildActionMask = 2147483647;
			files = (
				6EF467321D30A6DE00334C4B /* ViewController.swift in Sources */,
				6EF467301D30A6DE00334C4B /* AppDelegate.swift in Sources */,
			);
			runOnlyForDeploymentPostprocessing = 0;
		};
		6EF4673C1D30A6DE00334C4B /* Sources */ = {
			isa = PBXSourcesBuildPhase;
			buildActionMask = 2147483647;
			files = (
				6EF467451D30A6DE00334C4B /* UIKitFunTests.swift in Sources */,
			);
			runOnlyForDeploymentPostprocessing = 0;
		};
		6EF467471D30A6DE00334C4B /* Sources */ = {
			isa = PBXSourcesBuildPhase;
			buildActionMask = 2147483647;
			files = (
				6EF467501D30A6DE00334C4B /* UIKitFunUITests.swift in Sources */,
			);
			runOnlyForDeploymentPostprocessing = 0;
		};
/* End PBXSourcesBuildPhase section */

/* Begin PBXTargetDependency section */
		6EF467421D30A6DE00334C4B /* PBXTargetDependency */ = {
			isa = PBXTargetDependency;
			target = 6EF4672B1D30A6DE00334C4B /* UIKitFun */;
			targetProxy = 6EF467411D30A6DE00334C4B /* PBXContainerItemProxy */;
		};
		6EF4674D1D30A6DE00334C4B /* PBXTargetDependency */ = {
			isa = PBXTargetDependency;
			target = 6EF4672B1D30A6DE00334C4B /* UIKitFun */;
			targetProxy = 6EF4674C1D30A6DE00334C4B /* PBXContainerItemProxy */;
		};
/* End PBXTargetDependency section */

/* Begin PBXVariantGroup section */
		6EF467331D30A6DE00334C4B /* Main.storyboard */ = {
			isa = PBXVariantGroup;
			children = (
				6EF467341D30A6DE00334C4B /* Base */,
			);
			name = Main.storyboard;
			sourceTree = "<group>";
		};
		6EF467381D30A6DE00334C4B /* LaunchScreen.storyboard */ = {
			isa = PBXVariantGroup;
			children = (
				6EF467391D30A6DE00334C4B /* Base */,
			);
			name = LaunchScreen.storyboard;
			sourceTree = "<group>";
		};
/* End PBXVariantGroup section */

/* Begin XCBuildConfiguration section */
		6EF467521D30A6DE00334C4B /* Debug */ = {
			isa = XCBuildConfiguration;
			buildSettings = {
				ALWAYS_SEARCH_USER_PATHS = NO;
				CLANG_ANALYZER_NONNULL = YES;
				CLANG_CXX_LANGUAGE_STANDARD = "gnu++0x";
				CLANG_CXX_LIBRARY = "libc++";
				CLANG_ENABLE_MODULES = YES;
				CLANG_ENABLE_OBJC_ARC = YES;
				CLANG_WARN_BOOL_CONVERSION = YES;
				CLANG_WARN_CONSTANT_CONVERSION = YES;
				CLANG_WARN_DIRECT_OBJC_ISA_USAGE = YES_ERROR;
				CLANG_WARN_EMPTY_BODY = YES;
				CLANG_WARN_ENUM_CONVERSION = YES;
				CLANG_WARN_INT_CONVERSION = YES;
				CLANG_WARN_OBJC_ROOT_CLASS = YES_ERROR;
				CLANG_WARN_UNREACHABLE_CODE = YES;
				CLANG_WARN__DUPLICATE_METHOD_MATCH = YES;
				"CODE_SIGN_IDENTITY[sdk=iphoneos*]" = "iPhone Developer";
				COPY_PHASE_STRIP = NO;
				DEBUG_INFORMATION_FORMAT = dwarf;
				ENABLE_STRICT_OBJC_MSGSEND = YES;
				ENABLE_TESTABILITY = YES;
				GCC_C_LANGUAGE_STANDARD = gnu99;
				GCC_DYNAMIC_NO_PIC = NO;
				GCC_NO_COMMON_BLOCKS = YES;
				GCC_OPTIMIZATION_LEVEL = 0;
				GCC_PREPROCESSOR_DEFINITIONS = (
					"DEBUG=1",
					"$(inherited)",
				);
				GCC_WARN_64_TO_32_BIT_CONVERSION = YES;
				GCC_WARN_ABOUT_RETURN_TYPE = YES_ERROR;
				GCC_WARN_UNDECLARED_SELECTOR = YES;
				GCC_WARN_UNINITIALIZED_AUTOS = YES_AGGRESSIVE;
				GCC_WARN_UNUSED_FUNCTION = YES;
				GCC_WARN_UNUSED_VARIABLE = YES;
				IPHONEOS_DEPLOYMENT_TARGET = 9.3;
				MTL_ENABLE_DEBUG_INFO = YES;
				ONLY_ACTIVE_ARCH = YES;
				SDKROOT = iphoneos;
				SWIFT_OPTIMIZATION_LEVEL = "-Onone";
				TARGETED_DEVICE_FAMILY = "1,2";
			};
			name = Debug;
		};
		6EF467531D30A6DE00334C4B /* Release */ = {
			isa = XCBuildConfiguration;
			buildSettings = {
				ALWAYS_SEARCH_USER_PATHS = NO;
				CLANG_ANALYZER_NONNULL = YES;
				CLANG_CXX_LANGUAGE_STANDARD = "gnu++0x";
				CLANG_CXX_LIBRARY = "libc++";
				CLANG_ENABLE_MODULES = YES;
				CLANG_ENABLE_OBJC_ARC = YES;
				CLANG_WARN_BOOL_CONVERSION = YES;
				CLANG_WARN_CONSTANT_CONVERSION = YES;
				CLANG_WARN_DIRECT_OBJC_ISA_USAGE = YES_ERROR;
				CLANG_WARN_EMPTY_BODY = YES;
				CLANG_WARN_ENUM_CONVERSION = YES;
				CLANG_WARN_INT_CONVERSION = YES;
				CLANG_WARN_OBJC_ROOT_CLASS = YES_ERROR;
				CLANG_WARN_UNREACHABLE_CODE = YES;
				CLANG_WARN__DUPLICATE_METHOD_MATCH = YES;
				"CODE_SIGN_IDENTITY[sdk=iphoneos*]" = "iPhone Developer";
				COPY_PHASE_STRIP = NO;
				DEBUG_INFORMATION_FORMAT = "dwarf-with-dsym";
				ENABLE_NS_ASSERTIONS = NO;
				ENABLE_STRICT_OBJC_MSGSEND = YES;
				GCC_C_LANGUAGE_STANDARD = gnu99;
				GCC_NO_COMMON_BLOCKS = YES;
				GCC_WARN_64_TO_32_BIT_CONVERSION = YES;
				GCC_WARN_ABOUT_RETURN_TYPE = YES_ERROR;
				GCC_WARN_UNDECLARED_SELECTOR = YES;
				GCC_WARN_UNINITIALIZED_AUTOS = YES_AGGRESSIVE;
				GCC_WARN_UNUSED_FUNCTION = YES;
				GCC_WARN_UNUSED_VARIABLE = YES;
				IPHONEOS_DEPLOYMENT_TARGET = 9.3;
				MTL_ENABLE_DEBUG_INFO = NO;
				SDKROOT = iphoneos;
				TARGETED_DEVICE_FAMILY = "1,2";
				VALIDATE_PRODUCT = YES;
			};
			name = Release;
		};
		6EF467551D30A6DE00334C4B /* Debug */ = {
			isa = XCBuildConfiguration;
			buildSettings = {
				ASSETCATALOG_COMPILER_APPICON_NAME = AppIcon;
				INFOPLIST_FILE = UIKitFun/Info.plist;
				LD_RUNPATH_SEARCH_PATHS = "$(inherited) @executable_path/Frameworks";
				PRODUCT_BUNDLE_IDENTIFIER = com.flatironschool.UIKitFun;
				PRODUCT_NAME = "$(TARGET_NAME)";
			};
			name = Debug;
		};
		6EF467561D30A6DE00334C4B /* Release */ = {
			isa = XCBuildConfiguration;
			buildSettings = {
				ASSETCATALOG_COMPILER_APPICON_NAME = AppIcon;
				INFOPLIST_FILE = UIKitFun/Info.plist;
				LD_RUNPATH_SEARCH_PATHS = "$(inherited) @executable_path/Frameworks";
				PRODUCT_BUNDLE_IDENTIFIER = com.flatironschool.UIKitFun;
				PRODUCT_NAME = "$(TARGET_NAME)";
			};
			name = Release;
		};
		6EF467581D30A6DE00334C4B /* Debug */ = {
			isa = XCBuildConfiguration;
			buildSettings = {
				BUNDLE_LOADER = "$(TEST_HOST)";
				INFOPLIST_FILE = UIKitFunTests/Info.plist;
				LD_RUNPATH_SEARCH_PATHS = "$(inherited) @executable_path/Frameworks @loader_path/Frameworks";
				PRODUCT_BUNDLE_IDENTIFIER = com.flatironschool.UIKitFunTests;
				PRODUCT_NAME = "$(TARGET_NAME)";
				TEST_HOST = "$(BUILT_PRODUCTS_DIR)/UIKitFun.app/UIKitFun";
			};
			name = Debug;
		};
		6EF467591D30A6DE00334C4B /* Release */ = {
			isa = XCBuildConfiguration;
			buildSettings = {
				BUNDLE_LOADER = "$(TEST_HOST)";
				INFOPLIST_FILE = UIKitFunTests/Info.plist;
				LD_RUNPATH_SEARCH_PATHS = "$(inherited) @executable_path/Frameworks @loader_path/Frameworks";
				PRODUCT_BUNDLE_IDENTIFIER = com.flatironschool.UIKitFunTests;
				PRODUCT_NAME = "$(TARGET_NAME)";
				TEST_HOST = "$(BUILT_PRODUCTS_DIR)/UIKitFun.app/UIKitFun";
			};
			name = Release;
		};
		6EF4675B1D30A6DE00334C4B /* Debug */ = {
			isa = XCBuildConfiguration;
			buildSettings = {
				INFOPLIST_FILE = UIKitFunUITests/Info.plist;
				LD_RUNPATH_SEARCH_PATHS = "$(inherited) @executable_path/Frameworks @loader_path/Frameworks";
				PRODUCT_BUNDLE_IDENTIFIER = com.flatironschool.UIKitFunUITests;
				PRODUCT_NAME = "$(TARGET_NAME)";
				TEST_TARGET_NAME = UIKitFun;
			};
			name = Debug;
		};
		6EF4675C1D30A6DE00334C4B /* Release */ = {
			isa = XCBuildConfiguration;
			buildSettings = {
				INFOPLIST_FILE = UIKitFunUITests/Info.plist;
				LD_RUNPATH_SEARCH_PATHS = "$(inherited) @executable_path/Frameworks @loader_path/Frameworks";
				PRODUCT_BUNDLE_IDENTIFIER = com.flatironschool.UIKitFunUITests;
				PRODUCT_NAME = "$(TARGET_NAME)";
				TEST_TARGET_NAME = UIKitFun;
			};
			name = Release;
		};
/* End XCBuildConfiguration section */

/* Begin XCConfigurationList section */
		6EF467271D30A6DE00334C4B /* Build configuration list for PBXProject "UIKitFun" */ = {
			isa = XCConfigurationList;
			buildConfigurations = (
				6EF467521D30A6DE00334C4B /* Debug */,
				6EF467531D30A6DE00334C4B /* Release */,
			);
			defaultConfigurationIsVisible = 0;
			defaultConfigurationName = Release;
		};
		6EF467541D30A6DE00334C4B /* Build configuration list for PBXNativeTarget "UIKitFun" */ = {
			isa = XCConfigurationList;
			buildConfigurations = (
				6EF467551D30A6DE00334C4B /* Debug */,
				6EF467561D30A6DE00334C4B /* Release */,
			);
			defaultConfigurationIsVisible = 0;
		};
		6EF467571D30A6DE00334C4B /* Build configuration list for PBXNativeTarget "UIKitFunTests" */ = {
			isa = XCConfigurationList;
			buildConfigurations = (
				6EF467581D30A6DE00334C4B /* Debug */,
				6EF467591D30A6DE00334C4B /* Release */,
			);
			defaultConfigurationIsVisible = 0;
		};
		6EF4675A1D30A6DE00334C4B /* Build configuration list for PBXNativeTarget "UIKitFunUITests" */ = {
			isa = XCConfigurationList;
			buildConfigurations = (
				6EF4675B1D30A6DE00334C4B /* Debug */,
				6EF4675C1D30A6DE00334C4B /* Release */,
			);
			defaultConfigurationIsVisible = 0;
		};
/* End XCConfigurationList section */
	};
	rootObject = 6EF467241D30A6DE00334C4B /* Project object */;
}
